
Microsoft Visual Studio Solution File, Format Version 12.00
# Visual Studio Version 17
VisualStudioVersion = 17.3.32929.385
MinimumVisualStudioVersion = 10.0.40219.1
Project("{FAE04EC0-301F-11D3-BF4B-00C04F79EFBC}") = "ProgrammingConstructs", "ProgrammingConstructs.csproj", "{7725233C-06B6-4365-83C0-9ACB6C0E5545}"
EndProject
Global
	GlobalSection(SolutionConfigurationPlatforms) = preSolution
		Debug|Any CPU = Debug|Any CPU
		Release|Any CPU = Release|Any CPU
	EndGlobalSection
	GlobalSection(ProjectConfigurationPlatforms) = postSolution
		{7725233C-06B6-4365-83C0-9ACB6C0E5545}.Debug|Any CPU.ActiveCfg = Debug|Any CPU
		{7725233C-06B6-4365-83C0-9ACB6C0E5545}.Debug|Any CPU.Build.0 = Debug|Any CPU
		{7725233C-06B6-4365-83C0-9ACB6C0E5545}.Release|Any CPU.ActiveCfg = Release|Any CPU
		{7725233C-06B6-4365-83C0-9ACB6C0E5545}.Release|Any CPU.Build.0 = Release|Any CPU
	EndGlobalSection
	GlobalSection(SolutionProperties) = preSolution
		HideSolutionNode = FALSE
	EndGlobalSection
	GlobalSection(ExtensibilityGlobals) = postSolution
		SolutionGuid = {6F003B81-88E2-41B4-8E60-BB19DF9E1776}
	EndGlobalSection
EndGlobal
